
Microsoft Visual Studio Solution File, Format Version 12.00
# Visual Studio Version 16
VisualStudioVersion = 16.0.30011.22
MinimumVisualStudioVersion = 10.0.40219.1
Project("{FAE04EC0-301F-11D3-BF4B-00C04F79EFBC}") = "Coroutine", "Coroutine.csproj", "{AAD70709-6FF3-43AB-A151-E03B6842782F}"
EndProject
Global
	GlobalSection(SolutionConfigurationPlatforms) = preSolution
		Debug|Any CPU = Debug|Any CPU
		Release|Any CPU = Release|Any CPU
	EndGlobalSection
	GlobalSection(ProjectConfigurationPlatforms) = postSolution
		{AAD70709-6FF3-43AB-A151-E03B6842782F}.Debug|Any CPU.ActiveCfg = Debug|Any CPU
		{AAD70709-6FF3-43AB-A151-E03B6842782F}.Debug|Any CPU.Build.0 = Debug|Any CPU
		{AAD70709-6FF3-43AB-A151-E03B6842782F}.Release|Any CPU.ActiveCfg = Release|Any CPU
		{AAD70709-6FF3-43AB-A151-E03B6842782F}.Release|Any CPU.Build.0 = Release|Any CPU
	EndGlobalSection
	GlobalSection(SolutionProperties) = preSolution
		HideSolutionNode = FALSE
	EndGlobalSection
	GlobalSection(ExtensibilityGlobals) = postSolution
		SolutionGuid = {4D682AA1-1E5D-495F-A358-EA1771C41E0A}
	EndGlobalSection
EndGlobal
